<?xml version="1.0" encoding="utf-8"?>
<Project ToolsVersion="4.0" xmlns="http://schemas.microsoft.com/developer/msbuild/2003">
  <ItemGroup>
    <Filter Include="源文件">
      <UniqueIdentifier>{4FC737F1-C7A5-4376-A066-2A32D752A2FF}</UniqueIdentifier>
      <Extensions>cpp;c;cc;cxx;c++;cppm;ixx;def;odl;idl;hpj;bat;asm;asmx</Extensions>
    </Filter>
    <Filter Include="头文件">
      <UniqueIdentifier>{93995380-89BD-4b04-88EB-625FBE52EBFB}</UniqueIdentifier>
      <Extensions>h;hh;hpp;hxx;h++;hm;inl;inc;ipp;xsd</Extensions>
    </Filter>
    <Filter Include="资源文件">
      <UniqueIdentifier>{67DA6AB6-F800-4c08-8B7A-83BB121AAD01}</UniqueIdentifier>
      <Extensions>rc;ico;cur;bmp;dlg;rc2;rct;bin;rgs;gif;jpg;jpeg;jpe;resx;tiff;tif;png;wav;mfcribbon-ms</Extensions>
    </Filter>
  </ItemGroup>
  <ItemGroup>
    <ClCompile Include="1.1 Hello World.cpp">
      <Filter>源文件</Filter>
    </ClCompile>
    <ClCompile Include="1.Quiz4.cpp">
      <Filter>源文件</Filter>
    </ClCompile>
    <ClCompile Include="2.1 HelloWorldAnalysis.cpp">
      <Filter>源文件</Filter>
    </ClCompile>
    <ClCompile Include="2.2 UsingNamespaceDecl.cpp">
      <Filter>源文件</Filter>
    </ClCompile>
    <ClCompile Include="2.3 UsingRestricted.cpp">
      <Filter>源文件</Filter>
    </ClCompile>
    <ClCompile Include="2.4 FirstFunction_Demo_cout.cpp">
      <Filter>源文件</Filter>
    </ClCompile>
    <ClCompile Include="2.5 FunctionValueReturnedFromMain.cpp">
      <Filter>源文件</Filter>
    </ClCompile>
    <ClCompile Include="2.6 Anatomy_BasicIO.cpp">
      <Filter>源文件</Filter>
    </ClCompile>
    <ClCompile Include="2.Ex3.cpp">
      <Filter>源文件</Filter>
    </ClCompile>
    <ClCompile Include="3.1 VariablesDemo_MultiplyTwoNumbers.cpp">
      <Filter>源文件</Filter>
    </ClCompile>
    <ClCompile Include="3.2 VariablesScopeDemo.cpp">
      <Filter>源文件</Filter>
    </ClCompile>
    <ClCompile Include="3.3 GlobalVariablesDemo.cpp">
      <Filter>源文件</Filter>
    </ClCompile>
    <ClCompile Include="3.4 Operators_Signed_Unsigned_Overflow.cpp">
      <Filter>源文件</Filter>
    </ClCompile>
    <ClCompile Include="3.5 Using_sizeof.cpp">
      <Filter>源文件</Filter>
    </ClCompile>
    <ClCompile Include="3.6 UsingAuto.cpp">
      <Filter>源文件</Filter>
    </ClCompile>
    <ClCompile Include="3.7 Demo_Constants.cpp">
      <Filter>源文件</Filter>
    </ClCompile>
    <ClCompile Include="3.8 using constexpr.cpp">
      <Filter>源文件</Filter>
    </ClCompile>
    <ClCompile Include="3.9 Using_enum_Constants.cpp">
      <Filter>源文件</Filter>
    </ClCompile>
    <ClCompile Include="3.Ex3 Calculate_Area_Circumference.cpp">
      <Filter>源文件</Filter>
    </ClCompile>
    <ClCompile Include="4.1 AccessingArrayElements.cpp">
      <Filter>源文件</Filter>
    </ClCompile>
    <ClCompile Include="4.2 WritingToArrayElements.cpp">
      <Filter>源文件</Filter>
    </ClCompile>
    <ClCompile Include="4.3 Declaring_Initializing_MD_Arrays.cpp">
      <Filter>源文件</Filter>
    </ClCompile>
    <ClCompile Include="4.4 Dynamic_Array_std_vector.cpp">
      <Filter>源文件</Filter>
    </ClCompile>
    <ClCompile Include="4.5 C-Style_HelloWorld.cpp">
      <Filter>源文件</Filter>
    </ClCompile>
    <ClCompile Include="4.6 UserInput_C_Style_String.cpp">
      <Filter>源文件</Filter>
    </ClCompile>
    <ClCompile Include="4.7 CPPStrings_std_string.cpp">
      <Filter>源文件</Filter>
    </ClCompile>
    <ClCompile Include="4.Ex1.cpp">
      <Filter>源文件</Filter>
    </ClCompile>
    <ClCompile Include="5.1 Check_ArithmeticOperators.cpp">
      <Filter>源文件</Filter>
    </ClCompile>
    <ClCompile Include="5.2 Operators_PostFix_Prefix.cpp">
      <Filter>源文件</Filter>
    </ClCompile>
    <ClCompile Include="5.3 Operators_Relational_Equality.cpp">
      <Filter>源文件</Filter>
    </ClCompile>
    <ClCompile Include="5.4 Operators_Logical_AND_OR.cpp">
      <Filter>源文件</Filter>
    </ClCompile>
    <ClCompile Include="5.5 Operators_Logical_And_Or_If.cpp">
      <Filter>源文件</Filter>
    </ClCompile>
    <ClCompile Include="5.6 Operators_Logical_OR.cpp">
      <Filter>源文件</Filter>
    </ClCompile>
    <ClCompile Include="5.7 Operators_Bitwise.cpp">
      <Filter>源文件</Filter>
    </ClCompile>
    <ClCompile Include="5.8 Operators_BitwiseShift.cpp">
      <Filter>源文件</Filter>
    </ClCompile>
    <ClCompile Include="5.9 Operators_CompoundOperators.cpp">
      <Filter>源文件</Filter>
    </ClCompile>
    <ClCompile Include="5.10 Operator_sizeof.cpp">
      <Filter>源文件</Filter>
    </ClCompile>
    <ClCompile Include="5.Ex3.cpp">
      <Filter>源文件</Filter>
    </ClCompile>
    <ClCompile Include="5.Quiz5.cpp">
      <Filter>源文件</Filter>
    </ClCompile>
    <ClCompile Include="6.1 Multiply_or_Add_if_else.cpp">
      <Filter>源文件</Filter>
    </ClCompile>
    <ClCompile Include="6.2 checkbounds.cpp">
      <Filter>源文件</Filter>
    </ClCompile>
    <ClCompile Include="6.3 Nested_if_check_Divisor.cpp">
      <Filter>源文件</Filter>
    </ClCompile>
    <ClCompile Include="6.4 WhatDaysOfWeekMean_if_else.cpp">
      <Filter>源文件</Filter>
    </ClCompile>
    <ClCompile Include="6.5 DaysOfWeek_switch_case.cpp">
      <Filter>源文件</Filter>
    </ClCompile>
    <ClCompile Include="6.6 ConditionalOperator_TernaryOperator.cpp">
      <Filter>源文件</Filter>
    </ClCompile>
    <ClCompile Include="6.7 MultiplyOrAdd_goto.cpp">
      <Filter>源文件</Filter>
    </ClCompile>
    <ClCompile Include="6.8 MultiplyOrAdd_while.cpp">
      <Filter>源文件</Filter>
    </ClCompile>
    <ClCompile Include="6.9 MultiplyAdd_do_while.cpp">
      <Filter>源文件</Filter>
    </ClCompile>
    <ClCompile Include="6.10 EnterValuesInAnArray_DisplayArray_for_loop.cpp">
      <Filter>源文件</Filter>
    </ClCompile>
    <ClCompile Include="6.11 MultiplyAdd_for_loop.cpp">
      <Filter>源文件</Filter>
    </ClCompile>
    <ClCompile Include="6.12 RangeBasedFor.cpp">
      <Filter>源文件</Filter>
    </ClCompile>
    <ClCompile Include="6.13 MultiplyAdd_InfiniteLoop_break_continue.cpp">
      <Filter>源文件</Filter>
    </ClCompile>
    <ClCompile Include="6.14 CrossMultiplyTwoArrays_NestedLoops.cpp">
      <Filter>源文件</Filter>
    </ClCompile>
    <ClCompile Include="6.15 IteratingMDArrays_nested_loops.cpp">
      <Filter>源文件</Filter>
    </ClCompile>
    <ClCompile Include="6.16 FibonacciSeries_usingLoops.cpp">
      <Filter>源文件</Filter>
    </ClCompile>
    <ClCompile Include="6.Ex1.cpp">
      <Filter>源文件</Filter>
    </ClCompile>
    <ClCompile Include="6.Ex2.cpp">
      <Filter>源文件</Filter>
    </ClCompile>
    <ClCompile Include="6.Ex3.cpp">
      <Filter>源文件</Filter>
    </ClCompile>
    <ClCompile Include="6.Ex4.cpp">
      <Filter>源文件</Filter>
    </ClCompile>
    <ClCompile Include="7.1 Functions_ComputingAreaCircumference.cpp">
      <Filter>源文件</Filter>
    </ClCompile>
    <ClCompile Include="7.2 Functions_MultipleParameters_Cylinder.cpp">
      <Filter>源文件</Filter>
    </ClCompile>
    <ClCompile Include="7.3 Functions_SayingHelloWithoutParamsReturnValue.cpp">
      <Filter>源文件</Filter>
    </ClCompile>
    <ClCompile Include="7.4 Functions_DefaulParameters_Pi.cpp">
      <Filter>源文件</Filter>
    </ClCompile>
    <ClCompile Include="7.5 Functions_Recursive_Fibonacci.cpp">
      <Filter>源文件</Filter>
    </ClCompile>
    <ClCompile Include="7.6 Functions_MultipleReturns.cpp">
      <Filter>源文件</Filter>
    </ClCompile>
    <ClCompile Include="7.7 Functions_Overloaded_Area_CyclinderCircle.cpp">
      <Filter>源文件</Filter>
    </ClCompile>
    <ClCompile Include="7.8 Functions_Passing_Arrays.cpp">
      <Filter>源文件</Filter>
    </ClCompile>
    <ClCompile Include="7.9 Functions_PassingReference.cpp">
      <Filter>源文件</Filter>
    </ClCompile>
    <ClCompile Include="7.10 Functions_Inline.cpp">
      <Filter>源文件</Filter>
    </ClCompile>
    <ClCompile Include="7.11 auto function return.cpp">
      <Filter>源文件</Filter>
    </ClCompile>
    <ClCompile Include="7.12 Functions_Lambda.cpp">
      <Filter>源文件</Filter>
    </ClCompile>
    <ClCompile Include="8.1 Pointers_ReferencingOperator.cpp">
      <Filter>源文件</Filter>
    </ClCompile>
    <ClCompile Include="8.2 Pointers_AssigningRefToPtr.cpp">
      <Filter>源文件</Filter>
    </ClCompile>
    <ClCompile Include="8.3 Pointers_OnePtrManyIntegers.cpp">
      <Filter>源文件</Filter>
    </ClCompile>
    <ClCompile Include="8.4 Pointers_Dereferencing_or_IndirectionOperator.cpp">
      <Filter>源文件</Filter>
    </ClCompile>
    <ClCompile Include="8.5 Pointers_AssigningUsingDerefOp.cpp">
      <Filter>源文件</Filter>
    </ClCompile>
    <ClCompile Include="8.6 Pointers_sizeof_Test.cpp">
      <Filter>源文件</Filter>
    </ClCompile>
    <ClCompile Include="8.7 Pointers_Using_new_delete.cpp">
      <Filter>源文件</Filter>
    </ClCompile>
    <ClCompile Include="8.8 Pointers_Using_new_delete_char_array.cpp">
      <Filter>源文件</Filter>
    </ClCompile>
    <ClCompile Include="8.9 Pointer_using_new_delete_multiple_elements.cpp">
      <Filter>源文件</Filter>
    </ClCompile>
    <ClCompile Include="8.10 Pointers_const_calculatingsquare.cpp">
      <Filter>源文件</Filter>
    </ClCompile>
    <ClCompile Include="8.11 Pointers_ArrayVar_IsAddressOfFirst.cpp">
      <Filter>源文件</Filter>
    </ClCompile>
    <ClCompile Include="8.12 Pointers_Arrays_Similarities.cpp">
      <Filter>源文件</Filter>
    </ClCompile>
    <ClCompile Include="8.13 Pointers_InvalidPtr.cpp">
      <Filter>源文件</Filter>
    </ClCompile>
    <ClCompile Include="8.14 Pointers_BetterProgramming.cpp">
      <Filter>源文件</Filter>
    </ClCompile>
    <ClCompile Include="8.15 Pointers_new_exceptionhandler.cpp">
      <Filter>源文件</Filter>
    </ClCompile>
    <ClCompile Include="8.16 Pointers_new_nothrow.cpp">
      <Filter>源文件</Filter>
    </ClCompile>
    <ClCompile Include="8.17 References_Declaring_Initializing.cpp">
      <Filter>源文件</Filter>
    </ClCompile>
    <ClCompile Include="8.18 References_PassingArgsToFunctions.cpp">
      <Filter>源文件</Filter>
    </ClCompile>
    <ClCompile Include="8.19 References_Const.cpp">
      <Filter>源文件</Filter>
    </ClCompile>
    <ClCompile Include="9.1 ClassHuman.cpp">
      <Filter>源文件</Filter>
    </ClCompile>
    <ClCompile Include="9.2 DemonstratesAbstraction_HidesTrueAge.cpp">
      <Filter>源文件</Filter>
    </ClCompile>
    <ClCompile Include="9.3 ClassWithConstructors.cpp">
      <Filter>源文件</Filter>
    </ClCompile>
    <ClCompile Include="9.4 Overloaded Constructors.cpp">
      <Filter>源文件</Filter>
    </ClCompile>
    <ClCompile Include="9.5 OnlyOverloadedConstructor_NoDefault.cpp">
      <Filter>源文件</Filter>
    </ClCompile>
    <ClCompile Include="9.6 Constructor_InitializationLists.cpp">
      <Filter>源文件</Filter>
    </ClCompile>
    <ClCompile Include="9.7 MyString_Destructor.cpp">
      <Filter>源文件</Filter>
    </ClCompile>
    <ClCompile Include="9.8 NoCopyConstructor_CopyMyString.cpp">
      <Filter>源文件</Filter>
    </ClCompile>
    <ClCompile Include="9.9 CopyConstructor_MyString.cpp">
      <Filter>源文件</Filter>
    </ClCompile>
    <ClCompile Include="9.10 Singleton.cpp">
      <Filter>源文件</Filter>
    </ClCompile>
    <ClCompile Include="9.11 MonsterDB_ForceConstructionOnHeap.cpp">
      <Filter>源文件</Filter>
    </ClCompile>
    <ClCompile Include="9.12 explicit constructors.cpp">
      <Filter>源文件</Filter>
    </ClCompile>
    <ClCompile Include="9.13 SizeOfClass.cpp">
      <Filter>源文件</Filter>
    </ClCompile>
    <ClCompile Include="9.14 FriendFunctions.cpp">
      <Filter>源文件</Filter>
    </ClCompile>
    <ClCompile Include="9.15 FriendClass.cpp">
      <Filter>源文件</Filter>
    </ClCompile>
    <ClCompile Include="9.16 UsingUnions.cpp">
      <Filter>源文件</Filter>
    </ClCompile>
    <ClCompile Include="9.17 AggregateInitializationClasses.cpp">
      <Filter>源文件</Filter>
    </ClCompile>
    <ClCompile Include="9.18 constexpr class.cpp">
      <Filter>源文件</Filter>
    </ClCompile>
    <ClCompile Include="9.Ex3.cpp">
      <Filter>源文件</Filter>
    </ClCompile>
    <ClCompile Include="9.Ex4 Circle.cpp">
      <Filter>源文件</Filter>
    </ClCompile>
    <ClCompile Include="10.1 SimplePisceanClassHeirarchy.cpp">
      <Filter>源文件</Filter>
    </ClCompile>
    <ClCompile Include="10.2 Fish_With_protected.cpp">
      <Filter>源文件</Filter>
    </ClCompile>
    <ClCompile Include="10.3 Fish_WithBaseClassInstantiation.cpp">
      <Filter>源文件</Filter>
    </ClCompile>
    <ClCompile Include="10.4 DerivedClassOverridingMethod.cpp">
      <Filter>源文件</Filter>
    </ClCompile>
    <ClCompile Include="10.5 CarMotor.cpp">
      <Filter>源文件</Filter>
    </ClCompile>
    <ClCompile Include="10.5 InvokingBaseMethods_InSpiteOverride.cpp">
      <Filter>源文件</Filter>
    </ClCompile>
    <ClCompile Include="10.6 MethodHiding.cpp">
      <Filter>源文件</Filter>
    </ClCompile>
    <ClCompile Include="10.6 Protected_SuperCar.cpp">
      <Filter>源文件</Filter>
    </ClCompile>
    <ClCompile Include="10.7 SequenceConstructionDestruction.cpp">
      <Filter>源文件</Filter>
    </ClCompile>
    <ClCompile Include="10.10 MultipleInheritance_Platypus.cpp">
      <Filter>源文件</Filter>
    </ClCompile>
    <ClCompile Include="10.Ex1 PlatypusConstructorOrder.cpp">
      <Filter>源文件</Filter>
    </ClCompile>
    <ClCompile Include="11.1 InvokingSwimUsingFishPtr.cpp">
      <Filter>源文件</Filter>
    </ClCompile>
    <ClCompile Include="11.2 FishSwim_VirtualMethod.cpp">
      <Filter>源文件</Filter>
    </ClCompile>
    <ClCompile Include="11.3 WithoutVirtualDestructors.cpp">
      <Filter>源文件</Filter>
    </ClCompile>
    <ClCompile Include="11.4 VirtualDestructors.cpp">
      <Filter>源文件</Filter>
    </ClCompile>
    <ClCompile Include="11.5 SizeofBaseClassWithVirtualFunctions.cpp">
      <Filter>源文件</Filter>
    </ClCompile>
    <ClCompile Include="11.6 FishABC.cpp">
      <Filter>源文件</Filter>
    </ClCompile>
    <ClCompile Include="11.7 MultipleInheritance_Platypus.cpp">
      <Filter>源文件</Filter>
    </ClCompile>
    <ClCompile Include="11.8 VirtualInheritance_Platypus.cpp">
      <Filter>源文件</Filter>
    </ClCompile>
    <ClCompile Include="11.9 VirtualCopyConstructors.cpp">
      <Filter>源文件</Filter>
    </ClCompile>
    <ClCompile Include="11.Ex3.cpp">
      <Filter>源文件</Filter>
    </ClCompile>
    <ClCompile Include="11.Quiz1.cpp">
      <Filter>源文件</Filter>
    </ClCompile>
    <ClCompile Include="12.1 Date_PrefixOperatorsIncDec.cpp">
      <Filter>源文件</Filter>
    </ClCompile>
    <ClCompile Include="12.2 OperatorConstCharPtr.cpp">
      <Filter>源文件</Filter>
    </ClCompile>
    <ClCompile Include="12.3 UniquePtr.cpp">
      <Filter>源文件</Filter>
    </ClCompile>
    <ClCompile Include="12.4 BinaryAdditionSubtractionOperator.cpp">
      <Filter>源文件</Filter>
    </ClCompile>
    <ClCompile Include="12.5 AddSubAssignment.cpp">
      <Filter>源文件</Filter>
    </ClCompile>
    <ClCompile Include="12.6 Equality_Inequality_Comparison.cpp">
      <Filter>源文件</Filter>
    </ClCompile>
    <ClCompile Include="12.7 ComparisonLessThanGreaterThanEqualTo.cpp">
      <Filter>源文件</Filter>
    </ClCompile>
    <ClCompile Include="12.8 MyStringCopyAssignmentOperator.cpp">
      <Filter>源文件</Filter>
    </ClCompile>
    <ClCompile Include="12.9 ArraySubscriptOperator_MyString.cpp">
      <Filter>源文件</Filter>
    </ClCompile>
    <ClCompile Include="12.10 FunctionObjects_Functors_Operator().cpp">
      <Filter>源文件</Filter>
    </ClCompile>
    <ClCompile Include="12.11 MoveConstructorAssignmentOperator.cpp">
      <Filter>源文件</Filter>
    </ClCompile>
    <ClCompile Include="12.12 UDLtoKelvin.cpp">
      <Filter>源文件</Filter>
    </ClCompile>
    <ClCompile Include="13.1 dynamic_cast_Fish.cpp">
      <Filter>源文件</Filter>
    </ClCompile>
    <ClCompile Include="13.Ex2.cpp">
      <Filter>源文件</Filter>
    </ClCompile>
    <ClCompile Include="14.1 MacroConstants.cpp">
      <Filter>源文件</Filter>
    </ClCompile>
    <ClCompile Include="14.2 MacroFunctions.cpp">
      <Filter>源文件</Filter>
    </ClCompile>
    <ClCompile Include="14.3 TemplateFunctionGetMax.cpp">
      <Filter>源文件</Filter>
    </ClCompile>
    <ClCompile Include="14.4 HoldsPairWithMain.cpp">
      <Filter>源文件</Filter>
    </ClCompile>
    <ClCompile Include="14.5 TemplateSpecialization.cpp">
      <Filter>源文件</Filter>
    </ClCompile>
    <ClCompile Include="14.6 StaticWithinTemplate.cpp">
      <Filter>源文件</Filter>
    </ClCompile>
    <ClCompile Include="14.7 VariableTemplatesSum.cpp">
      <Filter>源文件</Filter>
    </ClCompile>
    <ClCompile Include="14.8 Tuple.cpp">
      <Filter>源文件</Filter>
    </ClCompile>
    <ClCompile Include="14.9 StaticAssert.cpp">
      <Filter>源文件</Filter>
    </ClCompile>
    <ClCompile Include="14.Ex6 DisplayVariadicTemp.cpp">
      <Filter>源文件</Filter>
    </ClCompile>
    <ClCompile Include="15.1 ContainerIteratorRelationship.cpp">
      <Filter>源文件</Filter>
    </ClCompile>
    <ClCompile Include="16.1 STLStringInstantiationCopy.cpp">
      <Filter>源文件</Filter>
    </ClCompile>
    <ClCompile Include="16.2 AccessingCharElements.cpp">
      <Filter>源文件</Filter>
    </ClCompile>
    <ClCompile Include="16.3 ConcatenateAdditionAssignmentAppend.cpp">
      <Filter>源文件</Filter>
    </ClCompile>
    <ClCompile Include="16.4 StringFind.cpp">
      <Filter>源文件</Filter>
    </ClCompile>
    <ClCompile Include="16.5 StringTruncate.cpp">
      <Filter>源文件</Filter>
    </ClCompile>
    <ClCompile Include="16.6 StringReverse.cpp">
      <Filter>源文件</Filter>
    </ClCompile>
    <ClCompile Include="16.7 StringCaseConversion.cpp">
      <Filter>源文件</Filter>
    </ClCompile>
    <ClCompile Include="16.8 StringLiteralsCPP14.cpp">
      <Filter>源文件</Filter>
    </ClCompile>
    <ClCompile Include="16.Ex1 IsPalindrom.cpp">
      <Filter>源文件</Filter>
    </ClCompile>
    <ClCompile Include="16.Ex2 NumVowels.cpp">
      <Filter>源文件</Filter>
    </ClCompile>
    <ClCompile Include="16.Ex3 AlternateCharUC.cpp">
      <Filter>源文件</Filter>
    </ClCompile>
    <ClCompile Include="16.Ex4 InsertSpacesInStr.cpp">
      <Filter>源文件</Filter>
    </ClCompile>
    <ClCompile Include="16.Ex5 FindCharA.cpp">
      <Filter>源文件</Filter>
    </ClCompile>
    <ClCompile Include="17.1 InstantiatingStdVector.cpp">
      <Filter>源文件</Filter>
    </ClCompile>
    <ClCompile Include="17.2 InsertingPushBack.cpp">
      <Filter>源文件</Filter>
    </ClCompile>
    <ClCompile Include="17.3 VectorInsert.cpp">
      <Filter>源文件</Filter>
    </ClCompile>
    <ClCompile Include="17.4 VectorElementAccessArray.cpp">
      <Filter>源文件</Filter>
    </ClCompile>
    <ClCompile Include="17.5 VectorPointerSemantics.cpp">
      <Filter>源文件</Filter>
    </ClCompile>
    <ClCompile Include="17.6 VectorPopBack.cpp">
      <Filter>源文件</Filter>
    </ClCompile>
    <ClCompile Include="17.7 SizeCapacity.cpp">
      <Filter>源文件</Filter>
    </ClCompile>
    <ClCompile Include="17.8 DequeInsertionsDeletions.cpp">
      <Filter>源文件</Filter>
    </ClCompile>
    <ClCompile Include="17.Ex1 QueryVector.cpp">
      <Filter>源文件</Filter>
    </ClCompile>
    <ClCompile Include="17.Ex3 VectorPackageDimensions.cpp">
      <Filter>源文件</Filter>
    </ClCompile>
    <ClCompile Include="17.Ex4 DequeListInit.cpp">
      <Filter>源文件</Filter>
    </ClCompile>
    <ClCompile Include="18.1 InstantiatingList.cpp">
      <Filter>源文件</Filter>
    </ClCompile>
    <ClCompile Include="18.2 InsertingFrontEnd.cpp">
      <Filter>源文件</Filter>
    </ClCompile>
    <ClCompile Include="18.3 ListInsert.cpp">
      <Filter>源文件</Filter>
    </ClCompile>
    <ClCompile Include="18.4 ListErase.cpp">
      <Filter>源文件</Filter>
    </ClCompile>
    <ClCompile Include="18.5 ListReverse.cpp">
      <Filter>源文件</Filter>
    </ClCompile>
    <ClCompile Include="18.6 ListSort.cpp">
      <Filter>源文件</Filter>
    </ClCompile>
    <ClCompile Include="18.7 SortContactsList.cpp">
      <Filter>源文件</Filter>
    </ClCompile>
    <ClCompile Include="18.8 ForwardList.cpp">
      <Filter>源文件</Filter>
    </ClCompile>
    <ClCompile Include="18.Ex3 InsertVecInList.cpp">
      <Filter>源文件</Filter>
    </ClCompile>
    <ClCompile Include="18.Ex4 ListStrings.cpp">
      <Filter>源文件</Filter>
    </ClCompile>
    <ClCompile Include="19.1 InstantiatingSetMSet.cpp">
      <Filter>源文件</Filter>
    </ClCompile>
    <ClCompile Include="19.2 InsertSetMSet.cpp">
      <Filter>源文件</Filter>
    </ClCompile>
    <ClCompile Include="19.3 SetFind.cpp">
      <Filter>源文件</Filter>
    </ClCompile>
    <ClCompile Include="19.4 MSetErase.cpp">
      <Filter>源文件</Filter>
    </ClCompile>
    <ClCompile Include="19.5 SetContactsList.cpp">
      <Filter>源文件</Filter>
    </ClCompile>
    <ClCompile Include="19.6 UnorderedSet.cpp">
      <Filter>源文件</Filter>
    </ClCompile>
    <ClCompile Include="19.Ex1 ContactsSortedByNums.cpp">
      <Filter>源文件</Filter>
    </ClCompile>
    <ClCompile Include="19.Ex2 WordAndMeaning.cpp">
      <Filter>源文件</Filter>
    </ClCompile>
    <ClCompile Include="19.Ex3 SetMSetCompare.cpp">
      <Filter>源文件</Filter>
    </ClCompile>
    <ClCompile Include="20.1 InstantiatingMapMultimap.cpp">
      <Filter>源文件</Filter>
    </ClCompile>
    <ClCompile Include="20.2 InsertingElements.cpp">
      <Filter>源文件</Filter>
    </ClCompile>
    <ClCompile Include="20.3 MapFind.cpp">
      <Filter>源文件</Filter>
    </ClCompile>
    <ClCompile Include="20.4 MapErase.cpp">
      <Filter>源文件</Filter>
    </ClCompile>
    <ClCompile Include="20.5 MultiMapWithPredicate.cpp">
      <Filter>源文件</Filter>
    </ClCompile>
    <ClCompile Include="20.6 unordered_map_sample.cpp">
      <Filter>源文件</Filter>
    </ClCompile>
    <ClCompile Include="21.1 FunctionObjects.cpp">
      <Filter>源文件</Filter>
    </ClCompile>
    <ClCompile Include="21.2 StatefulFunctionObject.cpp">
      <Filter>源文件</Filter>
    </ClCompile>
    <ClCompile Include="21.3 UnaryPredicate.cpp">
      <Filter>源文件</Filter>
    </ClCompile>
    <ClCompile Include="21.4 UsingUnaryPredicate.cpp">
      <Filter>源文件</Filter>
    </ClCompile>
    <ClCompile Include="21.5 BinaryFunctionMultiplyRanges.cpp">
      <Filter>源文件</Filter>
    </ClCompile>
    <ClCompile Include="21.6 BinaryPredicateCaseInsensitive.cpp">
      <Filter>源文件</Filter>
    </ClCompile>
    <ClCompile Include="21.7 BinarySortPredicate.cpp">
      <Filter>源文件</Filter>
    </ClCompile>
    <ClCompile Include="21.8 LambdaDisplayContainerForEach.cpp">
      <Filter>源文件</Filter>
    </ClCompile>
    <ClCompile Include="21.Ex1 DoubleElement.cpp">
      <Filter>源文件</Filter>
    </ClCompile>
    <ClCompile Include="21.Ex3 BinaryPredSort.cpp">
      <Filter>源文件</Filter>
    </ClCompile>
    <ClCompile Include="22.1 LambdaDisplayElements.cpp">
      <Filter>源文件</Filter>
    </ClCompile>
    <ClCompile Include="22.2 LambdaFindIfEvenNumbers.cpp">
      <Filter>源文件</Filter>
    </ClCompile>
    <ClCompile Include="22.3 LambdaVersionIsMultiple.cpp">
      <Filter>源文件</Filter>
    </ClCompile>
    <ClCompile Include="22.4 LambdaBinaryFunc.cpp">
      <Filter>源文件</Filter>
    </ClCompile>
    <ClCompile Include="22.5 LambdaCaseInsensitiveSort.cpp">
      <Filter>源文件</Filter>
    </ClCompile>
    <ClCompile Include="22.Ex1 LambdaSort.cpp">
      <Filter>源文件</Filter>
    </ClCompile>
    <ClCompile Include="22.Ex2 LambdAddsNum.cpp">
      <Filter>源文件</Filter>
    </ClCompile>
    <ClCompile Include="23.1 UsingFind.cpp">
      <Filter>源文件</Filter>
    </ClCompile>
    <ClCompile Include="23.2 UsingCount.cpp">
      <Filter>源文件</Filter>
    </ClCompile>
    <ClCompile Include="23.3 UsingSearch.cpp">
      <Filter>源文件</Filter>
    </ClCompile>
    <ClCompile Include="23.4 FillAndFillN.cpp">
      <Filter>源文件</Filter>
    </ClCompile>
    <ClCompile Include="23.5 UsingGenerate.cpp">
      <Filter>源文件</Filter>
    </ClCompile>
    <ClCompile Include="23.6 UsingForEach.cpp">
      <Filter>源文件</Filter>
    </ClCompile>
    <ClCompile Include="23.7 UsingTransform.cpp">
      <Filter>源文件</Filter>
    </ClCompile>
    <ClCompile Include="23.8 CopyRemoveRemoveIf.cpp">
      <Filter>源文件</Filter>
    </ClCompile>
    <ClCompile Include="23.9 ReplaceReplaceIf.cpp">
      <Filter>源文件</Filter>
    </ClCompile>
    <ClCompile Include="23.10 SortUniqueBS.cpp">
      <Filter>源文件</Filter>
    </ClCompile>
    <ClCompile Include="23.11 PartitionStablePartition.cpp">
      <Filter>源文件</Filter>
    </ClCompile>
    <ClCompile Include="23.12 LowerBoundUpperBound.cpp">
      <Filter>源文件</Filter>
    </ClCompile>
    <ClCompile Include="23.Ex2 IteratorsCopy.cpp">
      <Filter>源文件</Filter>
    </ClCompile>
    <ClCompile Include="24.1 InstantiatingStack.cpp">
      <Filter>源文件</Filter>
    </ClCompile>
    <ClCompile Include="24.2 StackPushPop.cpp">
      <Filter>源文件</Filter>
    </ClCompile>
    <ClCompile Include="24.3 STLQueue.cpp">
      <Filter>源文件</Filter>
    </ClCompile>
    <ClCompile Include="24.4 QueueOperations.cpp">
      <Filter>源文件</Filter>
    </ClCompile>
    <ClCompile Include="24.5 InstantiatingPriorityQueue.cpp">
      <Filter>源文件</Filter>
    </ClCompile>
    <ClCompile Include="24.6 PriorityQueueOperations.cpp">
      <Filter>源文件</Filter>
    </ClCompile>
    <ClCompile Include="24.7 PriorityQueueWithPredicate.cpp">
      <Filter>源文件</Filter>
    </ClCompile>
    <ClCompile Include="25.1 InstantiatingBitSet.cpp">
      <Filter>源文件</Filter>
    </ClCompile>
    <ClCompile Include="25.2 BitSetOperations.cpp">
      <Filter>源文件</Filter>
    </ClCompile>
    <ClCompile Include="25.3 InstantiatingVectorBool.cpp">
      <Filter>源文件</Filter>
    </ClCompile>
    <ClCompile Include="25.4 UsingVectorBool.cpp">
      <Filter>源文件</Filter>
    </ClCompile>
    <ClCompile Include="25.Ex1 UseBitset.cpp">
      <Filter>源文件</Filter>
    </ClCompile>
    <ClCompile Include="26.1 MinimalSmartPtr.cpp">
      <Filter>源文件</Filter>
    </ClCompile>
    <ClCompile Include="26.2 DeepCopyPtr.cpp">
      <Filter>源文件</Filter>
    </ClCompile>
    <ClCompile Include="26.3 DestructiveCopyPtr.cpp">
      <Filter>源文件</Filter>
    </ClCompile>
    <ClCompile Include="26.4 UsingUniquePtr.cpp">
      <Filter>源文件</Filter>
    </ClCompile>
    <ClCompile Include="26.Ex2 FishUniquePtr.cpp">
      <Filter>源文件</Filter>
    </ClCompile>
    <ClCompile Include="27.1 CoutFormattingNumbers.cpp">
      <Filter>源文件</Filter>
    </ClCompile>
    <ClCompile Include="27.2 CoutNumPrecision.cpp">
      <Filter>源文件</Filter>
    </ClCompile>
    <ClCompile Include="27.3 CoutSetWSetFill.cpp">
      <Filter>源文件</Filter>
    </ClCompile>
    <ClCompile Include="27.4 SimpleInputUsingCin.cpp">
      <Filter>源文件</Filter>
    </ClCompile>
    <ClCompile Include="27.5 ReadingWordLine.cpp">
      <Filter>源文件</Filter>
    </ClCompile>
    <ClCompile Include="27.6 CinReadingWordLine.cpp">
      <Filter>源文件</Filter>
    </ClCompile>
    <ClCompile Include="27.7 UsingGetLine.cpp">
      <Filter>源文件</Filter>
    </ClCompile>
    <ClCompile Include="27.8 WritingToFile.cpp">
      <Filter>源文件</Filter>
    </ClCompile>
    <ClCompile Include="27.9 ReadingTextFile.cpp">
      <Filter>源文件</Filter>
    </ClCompile>
    <ClCompile Include="27.10 BinaryFile.cpp">
      <Filter>源文件</Filter>
    </ClCompile>
    <ClCompile Include="27.11 StringStream.cpp">
      <Filter>源文件</Filter>
    </ClCompile>
    <ClCompile Include="28.1 ExceptionSafetyInNew.cpp">
      <Filter>源文件</Filter>
    </ClCompile>
    <ClCompile Include="28.2 CatchingAType.cpp">
      <Filter>源文件</Filter>
    </ClCompile>
    <ClCompile Include="28.3 ExceptionOnDivideByZero.cpp">
      <Filter>源文件</Filter>
    </ClCompile>
    <ClCompile Include="28.4 StackUnwindingOnException.cpp">
      <Filter>源文件</Filter>
    </ClCompile>
    <ClCompile Include="28.5 CustomException.cpp">
      <Filter>源文件</Filter>
    </ClCompile>
  </ItemGroup>
  <ItemGroup>
    <None Include="23.10 SortUniqueBS.cpp~" />
    <None Include="24.2 StackPushPop.cpp~" />
  </ItemGroup>
</Project>